
Microsoft Visual Studio Solution File, Format Version 9.00
# Visual C++ Express 2005
Project("{8BC9CEB8-8B4A-11D0-8D11-00A0C91BC942}") = "network", "network.vcproj", "{D776CD96-76C9-4678-9146-D006CD44C707}"
EndProject
Project("{8BC9CEB8-8B4A-11D0-8D11-00A0C91BC942}") = "masterd", "masterd.vcproj", "{0A16BC6D-B2DD-4919-B78F-FC0AB252644D}"
	ProjectSection(ProjectDependencies) = postProject
		{D776CD96-76C9-4678-9146-D006CD44C707} = {D776CD96-76C9-4678-9146-D006CD44C707}
	EndProjectSection
EndProject
Global
	GlobalSection(SolutionConfigurationPlatforms) = preSolution
		Debug|Win32 = Debug|Win32
		Release|Win32 = Release|Win32
	EndGlobalSection
	GlobalSection(ProjectConfigurationPlatforms) = postSolution
		{D776CD96-76C9-4678-9146-D006CD44C707}.Debug|Win32.ActiveCfg = Debug|Win32
		{D776CD96-76C9-4678-9146-D006CD44C707}.Debug|Win32.Build.0 = Debug|Win32
		{D776CD96-76C9-4678-9146-D006CD44C707}.Release|Win32.ActiveCfg = Release|Win32
		{D776CD96-76C9-4678-9146-D006CD44C707}.Release|Win32.Build.0 = Release|Win32
		{0A16BC6D-B2DD-4919-B78F-FC0AB252644D}.Debug|Win32.ActiveCfg = Debug|Win32
		{0A16BC6D-B2DD-4919-B78F-FC0AB252644D}.Debug|Win32.Build.0 = Debug|Win32
		{0A16BC6D-B2DD-4919-B78F-FC0AB252644D}.Release|Win32.ActiveCfg = Release|Win32
		{0A16BC6D-B2DD-4919-B78F-FC0AB252644D}.Release|Win32.Build.0 = Release|Win32
	EndGlobalSection
	GlobalSection(SolutionProperties) = preSolution
		HideSolutionNode = FALSE
	EndGlobalSection
EndGlobal
